
Microsoft Visual Studio Solution File, Format Version 12.00
# Visual Studio 14
VisualStudioVersion = 14.0.23107.0
MinimumVisualStudioVersion = 10.0.40219.1
Project("{2150E333-8FDC-42A3-9474-1A3956D46DE8}") = "Business", "Business", "{5DFEC297-8DF0-4B86-B069-F76D0096D6E6}"
EndProject
Project("{2150E333-8FDC-42A3-9474-1A3956D46DE8}") = "Data", "Data", "{C100C5CA-B089-4D4C-8D47-A98E2326C8CD}"
EndProject
Project("{2150E333-8FDC-42A3-9474-1A3956D46DE8}") = "Infra", "Infra", "{327DAF2A-EFF2-45EB-91C4-049DB5C746C6}"
EndProject
Project("{2150E333-8FDC-42A3-9474-1A3956D46DE8}") = "Presentation", "Presentation", "{24367E01-3718-47EC-B8C3-78CCF5B95F1B}"
EndProject
Project("{FAE04EC0-301F-11D3-BF4B-00C04F79EFBC}") = "TechmindsCRM.Core", "TechmindsCRM.Core\TechmindsCRM.Core.csproj", "{96AC4DD5-32C3-4150-BF2B-A45656761481}"
EndProject
Project("{FAE04EC0-301F-11D3-BF4B-00C04F79EFBC}") = "TechmindsCRM.Data", "TechmindsCRM.Data\TechmindsCRM.Data.csproj", "{48858CA4-1787-4C43-B79A-8F914C0B9F82}"
EndProject
Project("{FAE04EC0-301F-11D3-BF4B-00C04F79EFBC}") = "TechmindsCRM.IoC", "TechmindsCRM.IoC\TechmindsCRM.IoC.csproj", "{20D22721-16F1-4166-9ED8-D38B055BA1F9}"
EndProject
Project("{FAE04EC0-301F-11D3-BF4B-00C04F79EFBC}") = "TechmindsCRM.Commom", "TechmindsCRM.Commom\TechmindsCRM.Commom.csproj", "{D4296DF6-0DD5-45D7-9B89-4A5851806C3F}"
EndProject
Project("{FAE04EC0-301F-11D3-BF4B-00C04F79EFBC}") = "TechmindsCRM.Web", "TechmindsCRM.Web\TechmindsCRM.Web.csproj", "{F9660145-6E0B-44C5-AF35-5E758077AA3C}"
EndProject
Project("{2150E333-8FDC-42A3-9474-1A3956D46DE8}") = "Testes", "Testes", "{18082FD4-D50E-4756-82EF-6A4BBF04F8E6}"
EndProject
Project("{FAE04EC0-301F-11D3-BF4B-00C04F79EFBC}") = "TechmindsCRM.Data.Test", "TechmindsCRM.Data.Test\TechmindsCRM.Data.Test.csproj", "{9DC06786-2513-45E4-9894-DF30ECDBC20D}"
EndProject
Project("{FAE04EC0-301F-11D3-BF4B-00C04F79EFBC}") = "TechmindsCRM.Commom.Test", "TechmindsCRM.Commom.Test\TechmindsCRM.Commom.Test.csproj", "{0C40A153-773B-4606-A1FB-F6E18F0C3EBB}"
EndProject
Project("{FAE04EC0-301F-11D3-BF4B-00C04F79EFBC}") = "TechmindsCRM.Core.Test", "TechmindsCRM.Core.Test\TechmindsCRM.Core.Test.csproj", "{3DA7B6C5-1BE1-43E6-BB32-33C91833DCD3}"
EndProject
Global
	GlobalSection(SolutionConfigurationPlatforms) = preSolution
		Debug|Any CPU = Debug|Any CPU
		Release|Any CPU = Release|Any CPU
	EndGlobalSection
	GlobalSection(ProjectConfigurationPlatforms) = postSolution
		{96AC4DD5-32C3-4150-BF2B-A45656761481}.Debug|Any CPU.ActiveCfg = Debug|Any CPU
		{96AC4DD5-32C3-4150-BF2B-A45656761481}.Debug|Any CPU.Build.0 = Debug|Any CPU
		{96AC4DD5-32C3-4150-BF2B-A45656761481}.Release|Any CPU.ActiveCfg = Release|Any CPU
		{96AC4DD5-32C3-4150-BF2B-A45656761481}.Release|Any CPU.Build.0 = Release|Any CPU
		{48858CA4-1787-4C43-B79A-8F914C0B9F82}.Debug|Any CPU.ActiveCfg = Debug|Any CPU
		{48858CA4-1787-4C43-B79A-8F914C0B9F82}.Debug|Any CPU.Build.0 = Debug|Any CPU
		{48858CA4-1787-4C43-B79A-8F914C0B9F82}.Release|Any CPU.ActiveCfg = Release|Any CPU
		{48858CA4-1787-4C43-B79A-8F914C0B9F82}.Release|Any CPU.Build.0 = Release|Any CPU
		{20D22721-16F1-4166-9ED8-D38B055BA1F9}.Debug|Any CPU.ActiveCfg = Debug|Any CPU
		{20D22721-16F1-4166-9ED8-D38B055BA1F9}.Debug|Any CPU.Build.0 = Debug|Any CPU
		{20D22721-16F1-4166-9ED8-D38B055BA1F9}.Release|Any CPU.ActiveCfg = Release|Any CPU
		{20D22721-16F1-4166-9ED8-D38B055BA1F9}.Release|Any CPU.Build.0 = Release|Any CPU
		{D4296DF6-0DD5-45D7-9B89-4A5851806C3F}.Debug|Any CPU.ActiveCfg = Debug|Any CPU
		{D4296DF6-0DD5-45D7-9B89-4A5851806C3F}.Debug|Any CPU.Build.0 = Debug|Any CPU
		{D4296DF6-0DD5-45D7-9B89-4A5851806C3F}.Release|Any CPU.ActiveCfg = Release|Any CPU
		{D4296DF6-0DD5-45D7-9B89-4A5851806C3F}.Release|Any CPU.Build.0 = Release|Any CPU
		{F9660145-6E0B-44C5-AF35-5E758077AA3C}.Debug|Any CPU.ActiveCfg = Debug|Any CPU
		{F9660145-6E0B-44C5-AF35-5E758077AA3C}.Debug|Any CPU.Build.0 = Debug|Any CPU
		{F9660145-6E0B-44C5-AF35-5E758077AA3C}.Release|Any CPU.ActiveCfg = Release|Any CPU
		{F9660145-6E0B-44C5-AF35-5E758077AA3C}.Release|Any CPU.Build.0 = Release|Any CPU
		{9DC06786-2513-45E4-9894-DF30ECDBC20D}.Debug|Any CPU.ActiveCfg = Debug|Any CPU
		{9DC06786-2513-45E4-9894-DF30ECDBC20D}.Debug|Any CPU.Build.0 = Debug|Any CPU
		{9DC06786-2513-45E4-9894-DF30ECDBC20D}.Release|Any CPU.ActiveCfg = Release|Any CPU
		{9DC06786-2513-45E4-9894-DF30ECDBC20D}.Release|Any CPU.Build.0 = Release|Any CPU
		{0C40A153-773B-4606-A1FB-F6E18F0C3EBB}.Debug|Any CPU.ActiveCfg = Debug|Any CPU
		{0C40A153-773B-4606-A1FB-F6E18F0C3EBB}.Debug|Any CPU.Build.0 = Debug|Any CPU
		{0C40A153-773B-4606-A1FB-F6E18F0C3EBB}.Release|Any CPU.ActiveCfg = Release|Any CPU
		{0C40A153-773B-4606-A1FB-F6E18F0C3EBB}.Release|Any CPU.Build.0 = Release|Any CPU
		{3DA7B6C5-1BE1-43E6-BB32-33C91833DCD3}.Debug|Any CPU.ActiveCfg = Debug|Any CPU
		{3DA7B6C5-1BE1-43E6-BB32-33C91833DCD3}.Debug|Any CPU.Build.0 = Debug|Any CPU
		{3DA7B6C5-1BE1-43E6-BB32-33C91833DCD3}.Release|Any CPU.ActiveCfg = Release|Any CPU
		{3DA7B6C5-1BE1-43E6-BB32-33C91833DCD3}.Release|Any CPU.Build.0 = Release|Any CPU
	EndGlobalSection
	GlobalSection(SolutionProperties) = preSolution
		HideSolutionNode = FALSE
	EndGlobalSection
	GlobalSection(NestedProjects) = preSolution
		{96AC4DD5-32C3-4150-BF2B-A45656761481} = {5DFEC297-8DF0-4B86-B069-F76D0096D6E6}
		{48858CA4-1787-4C43-B79A-8F914C0B9F82} = {C100C5CA-B089-4D4C-8D47-A98E2326C8CD}
		{20D22721-16F1-4166-9ED8-D38B055BA1F9} = {327DAF2A-EFF2-45EB-91C4-049DB5C746C6}
		{D4296DF6-0DD5-45D7-9B89-4A5851806C3F} = {327DAF2A-EFF2-45EB-91C4-049DB5C746C6}
		{F9660145-6E0B-44C5-AF35-5E758077AA3C} = {24367E01-3718-47EC-B8C3-78CCF5B95F1B}
		{9DC06786-2513-45E4-9894-DF30ECDBC20D} = {18082FD4-D50E-4756-82EF-6A4BBF04F8E6}
		{0C40A153-773B-4606-A1FB-F6E18F0C3EBB} = {18082FD4-D50E-4756-82EF-6A4BBF04F8E6}
		{3DA7B6C5-1BE1-43E6-BB32-33C91833DCD3} = {18082FD4-D50E-4756-82EF-6A4BBF04F8E6}
	EndGlobalSection
EndGlobal
